Microsoft Visual Studio Solution File, Format Version 12.00
# Visual Studio 15
VisualStudioVersion = 15.0.27004.2008
MinimumVisualStudioVersion = 10.0.40219.1
Project("{FAE04EC0-301F-11D3-BF4B-00C04F79EFBC}") = "PeaceEngine", "PeaceEngine\PeaceEngine.csproj", "{7C979B07-0585-4033-A110-E5555B9D6651}"
EndProject
Project("{FAE04EC0-301F-11D3-BF4B-00C04F79EFBC}") = "WatercolorGames.Utilities", "WatercolorGames.Utilities\WatercolorGames.Utilities.csproj", "{A069089A-8962-4607-B2B2-4CF4A371066E}"
EndProject
Project("{FAE04EC0-301F-11D3-BF4B-00C04F79EFBC}") = "OpenWheels.NetFramework", "OpenWheels\src\OpenWheels.NetFramework\OpenWheels.NetFramework.csproj", "{B252B44F-9F5E-406B-B0CC-00EEE3BCA377}"
EndProject
Project("{7CF6DF6D-3B04-46F8-A40B-537D21BCA0B4}") = "Documentation", "Documentation\Documentation.shfbproj", "{6D3A5695-1905-4812-B971-55177EB3CCD7}"
EndProject
Project("{FAE04EC0-301F-11D3-BF4B-00C04F79EFBC}") = "PeaceEngine.DemoProject", "PeaceEngine.DemoProject\PeaceEngine.DemoProject.csproj", "{B373BA34-CEC0-4B3F-9DE1-33E82E3DF90B}"
EndProject
Global
	GlobalSection(SolutionConfigurationPlatforms) = preSolution
		Debug|Any CPU = Debug|Any CPU
		Debug|x64 = Debug|x64
		Debug|x86 = Debug|x86
		Release|Any CPU = Release|Any CPU
		Release|x64 = Release|x64
		Release|x86 = Release|x86
	EndGlobalSection
	GlobalSection(ProjectConfigurationPlatforms) = postSolution
		{7C979B07-0585-4033-A110-E5555B9D6651}.Debug|Any CPU.ActiveCfg = Debug|x64
		{7C979B07-0585-4033-A110-E5555B9D6651}.Debug|Any CPU.Build.0 = Debug|x64
		{7C979B07-0585-4033-A110-E5555B9D6651}.Debug|x64.ActiveCfg = Debug|Any CPU
		{7C979B07-0585-4033-A110-E5555B9D6651}.Debug|x64.Build.0 = Debug|Any CPU
		{7C979B07-0585-4033-A110-E5555B9D6651}.Debug|x86.ActiveCfg = Debug|Any CPU
		{7C979B07-0585-4033-A110-E5555B9D6651}.Debug|x86.Build.0 = Debug|Any CPU
		{7C979B07-0585-4033-A110-E5555B9D6651}.Release|Any CPU.ActiveCfg = Release|Any CPU
		{7C979B07-0585-4033-A110-E5555B9D6651}.Release|Any CPU.Build.0 = Release|Any CPU
		{7C979B07-0585-4033-A110-E5555B9D6651}.Release|x64.ActiveCfg = Release|Any CPU
		{7C979B07-0585-4033-A110-E5555B9D6651}.Release|x64.Build.0 = Release|Any CPU
		{7C979B07-0585-4033-A110-E5555B9D6651}.Release|x86.ActiveCfg = Release|Any CPU
		{7C979B07-0585-4033-A110-E5555B9D6651}.Release|x86.Build.0 = Release|Any CPU
		{A069089A-8962-4607-B2B2-4CF4A371066E}.Debug|Any CPU.ActiveCfg = Debug|Any CPU
		{A069089A-8962-4607-B2B2-4CF4A371066E}.Debug|Any CPU.Build.0 = Debug|Any CPU
		{A069089A-8962-4607-B2B2-4CF4A371066E}.Debug|x64.ActiveCfg = Debug|Any CPU
		{A069089A-8962-4607-B2B2-4CF4A371066E}.Debug|x64.Build.0 = Debug|Any CPU
		{A069089A-8962-4607-B2B2-4CF4A371066E}.Debug|x86.ActiveCfg = Debug|Any CPU
		{A069089A-8962-4607-B2B2-4CF4A371066E}.Debug|x86.Build.0 = Debug|Any CPU
		{A069089A-8962-4607-B2B2-4CF4A371066E}.Release|Any CPU.ActiveCfg = Release|Any CPU
		{A069089A-8962-4607-B2B2-4CF4A371066E}.Release|Any CPU.Build.0 = Release|Any CPU
		{A069089A-8962-4607-B2B2-4CF4A371066E}.Release|x64.ActiveCfg = Release|Any CPU
		{A069089A-8962-4607-B2B2-4CF4A371066E}.Release|x64.Build.0 = Release|Any CPU
		{A069089A-8962-4607-B2B2-4CF4A371066E}.Release|x86.ActiveCfg = Release|Any CPU
		{A069089A-8962-4607-B2B2-4CF4A371066E}.Release|x86.Build.0 = Release|Any CPU
		{B252B44F-9F5E-406B-B0CC-00EEE3BCA377}.Debug|Any CPU.ActiveCfg = Debug|Any CPU
		{B252B44F-9F5E-406B-B0CC-00EEE3BCA377}.Debug|Any CPU.Build.0 = Debug|Any CPU
		{B252B44F-9F5E-406B-B0CC-00EEE3BCA377}.Debug|x64.ActiveCfg = Debug|Any CPU
		{B252B44F-9F5E-406B-B0CC-00EEE3BCA377}.Debug|x64.Build.0 = Debug|Any CPU
		{B252B44F-9F5E-406B-B0CC-00EEE3BCA377}.Debug|x86.ActiveCfg = Debug|Any CPU
		{B252B44F-9F5E-406B-B0CC-00EEE3BCA377}.Debug|x86.Build.0 = Debug|Any CPU
		{B252B44F-9F5E-406B-B0CC-00EEE3BCA377}.Release|Any CPU.ActiveCfg = Release|Any CPU
		{B252B44F-9F5E-406B-B0CC-00EEE3BCA377}.Release|Any CPU.Build.0 = Release|Any CPU
		{B252B44F-9F5E-406B-B0CC-00EEE3BCA377}.Release|x64.ActiveCfg = Release|Any CPU
		{B252B44F-9F5E-406B-B0CC-00EEE3BCA377}.Release|x64.Build.0 = Release|Any CPU
		{B252B44F-9F5E-406B-B0CC-00EEE3BCA377}.Release|x86.ActiveCfg = Release|Any CPU
		{B252B44F-9F5E-406B-B0CC-00EEE3BCA377}.Release|x86.Build.0 = Release|Any CPU
		{6D3A5695-1905-4812-B971-55177EB3CCD7}.Debug|Any CPU.ActiveCfg = Debug|Any CPU
		{6D3A5695-1905-4812-B971-55177EB3CCD7}.Debug|Any CPU.Build.0 = Debug|Any CPU
		{6D3A5695-1905-4812-B971-55177EB3CCD7}.Debug|x64.ActiveCfg = Debug|Any CPU
		{6D3A5695-1905-4812-B971-55177EB3CCD7}.Debug|x64.Build.0 = Debug|Any CPU
		{6D3A5695-1905-4812-B971-55177EB3CCD7}.Debug|x86.ActiveCfg = Debug|Any CPU
		{6D3A5695-1905-4812-B971-55177EB3CCD7}.Debug|x86.Build.0 = Debug|Any CPU
		{6D3A5695-1905-4812-B971-55177EB3CCD7}.Release|Any CPU.ActiveCfg = Release|Any CPU
		{6D3A5695-1905-4812-B971-55177EB3CCD7}.Release|Any CPU.Build.0 = Release|Any CPU
		{6D3A5695-1905-4812-B971-55177EB3CCD7}.Release|x64.ActiveCfg = Release|Any CPU
		{6D3A5695-1905-4812-B971-55177EB3CCD7}.Release|x64.Build.0 = Release|Any CPU
		{6D3A5695-1905-4812-B971-55177EB3CCD7}.Release|x86.ActiveCfg = Release|Any CPU
		{6D3A5695-1905-4812-B971-55177EB3CCD7}.Release|x86.Build.0 = Release|Any CPU
		{B373BA34-CEC0-4B3F-9DE1-33E82E3DF90B}.Debug|Any CPU.ActiveCfg = Debug|Any CPU
		{B373BA34-CEC0-4B3F-9DE1-33E82E3DF90B}.Debug|Any CPU.Build.0 = Debug|Any CPU
		{B373BA34-CEC0-4B3F-9DE1-33E82E3DF90B}.Debug|x64.ActiveCfg = Debug|Any CPU
		{B373BA34-CEC0-4B3F-9DE1-33E82E3DF90B}.Debug|x64.Build.0 = Debug|Any CPU
		{B373BA34-CEC0-4B3F-9DE1-33E82E3DF90B}.Debug|x86.ActiveCfg = Debug|Any CPU
		{B373BA34-CEC0-4B3F-9DE1-33E82E3DF90B}.Debug|x86.Build.0 = Debug|Any CPU
		{B373BA34-CEC0-4B3F-9DE1-33E82E3DF90B}.Release|Any CPU.ActiveCfg = Release|Any CPU
		{B373BA34-CEC0-4B3F-9DE1-33E82E3DF90B}.Release|Any CPU.Build.0 = Release|Any CPU
		{B373BA34-CEC0-4B3F-9DE1-33E82E3DF90B}.Release|x64.ActiveCfg = Release|Any CPU
		{B373BA34-CEC0-4B3F-9DE1-33E82E3DF90B}.Release|x64.Build.0 = Release|Any CPU
		{B373BA34-CEC0-4B3F-9DE1-33E82E3DF90B}.Release|x86.ActiveCfg = Release|Any CPU
		{B373BA34-CEC0-4B3F-9DE1-33E82E3DF90B}.Release|x86.Build.0 = Release|Any CPU
	EndGlobalSection
	GlobalSection(SolutionProperties) = preSolution
		HideSolutionNode = FALSE
	EndGlobalSection
	GlobalSection(ExtensibilityGlobals) = postSolution
		SolutionGuid = {6301EED6-1702-4EA3-80CC-2ADF9D01D17A}
	EndGlobalSection
EndGlobal
